{
  "requires": true,
  "lockfileVersion": 1,
  "dependencies": {
    "bxslider": {
      "version": "4.2.14",
      "resolved": "https://registry.npmjs.org/bxslider/-/bxslider-4.2.14.tgz",
      "integrity": "sha512-7/OV7Jxe8yBS/7tOcxg2hYTPmACFMU1rRs3xqoljjFX/rSgMFVX0dzFqxZHWvUgl0+9TryNy5vhufB/499heFQ=="
    },
    "jquery": {
      "version": "3.4.1",
      "resolved": "https://registry.npmjs.org/jquery/-/jquery-3.4.1.tgz",
      "integrity": "sha512-36+AdBzCL+y6qjw5Tx7HgzeGCzC81MDDgaUP8ld2zhx58HdqXGoBd+tHdrBMiyjGQs0Hxs/MLZTu/eHNJJuWPw=="
    }
  }
}
